{
  "requires": true,
  "lockfileVersion": 1,
  "dependencies": {
    "arraybuffer-to-audiobuffer": {
      "version": "0.0.5",
      "resolved": "https://registry.npmjs.org/arraybuffer-to-audiobuffer/-/arraybuffer-to-audiobuffer-0.0.5.tgz",
      "integrity": "sha512-bhSUiHVdspNVh5imbfUzwkj6bbLgryVwPcF9dkG2qbJ0JBvRboDNLOcL9eHYPNJJAbsKLuRT2+DQ9VsDnfQ7fQ=="
    },
    "audiobuffer-to-wav": {
      "version": "1.0.0",
      "resolved": "https://registry.npmjs.org/audiobuffer-to-wav/-/audiobuffer-to-wav-1.0.0.tgz",
      "integrity": "sha1-1bQyJxRV5/7laxEc0PjWINf54QU="
    },
    "fs": {
      "version": "0.0.1-security",
      "resolved": "https://registry.npmjs.org/fs/-/fs-0.0.1-security.tgz",
      "integrity": "sha1-invTcYa23d84E/I4WLV+yq9eQdQ="
    }
  }
}
